// !$*UTF8*$!
{
	archiveVersion = 1;
	classes = {
	};
	objectVersion = 45;
	objects = {

/* Begin PBXBuildFile section */
		AA747D9F0F9514B9006C5449 /* HiJack_Prefix.pch in Headers */ = {isa = PBXBuildFile; fileRef = AA747D9E0F9514B9006C5449 /* HiJack_Prefix.pch */; };
		AACBBE4A0F95108600F1A2B1 /* Foundation.framework in Frameworks */ = {isa = PBXBuildFile; fileRef = AACBBE490F95108600F1A2B1 /* Foundation.framework */; };
		E946CCDB13EB60D3007022EB /* HiJackMgr.h in Headers */ = {isa = PBXBuildFile; fileRef = E946CCD913EB60D3007022EB /* HiJackMgr.h */; };
		E946CCDC13EB60D3007022EB /* HiJackMgr.mm in Sources */ = {isa = PBXBuildFile; fileRef = E946CCDA13EB60D3007022EB /* HiJackMgr.mm */; };
		E946CDA013F034AD007022EB /* CADebugMacros.cpp in Sources */ = {isa = PBXBuildFile; fileRef = E946CD9913F034AD007022EB /* CADebugMacros.cpp */; };
		E946CDA113F034AD007022EB /* CADebugMacros.h in Headers */ = {isa = PBXBuildFile; fileRef = E946CD9A13F034AD007022EB /* CADebugMacros.h */; };
		E946CDA213F034AD007022EB /* CAMath.h in Headers */ = {isa = PBXBuildFile; fileRef = E946CD9B13F034AD007022EB /* CAMath.h */; };
		E946CDA313F034AD007022EB /* CAStreamBasicDescription.cpp in Sources */ = {isa = PBXBuildFile; fileRef = E946CD9C13F034AD007022EB /* CAStreamBasicDescription.cpp */; };
		E946CDA413F034AD007022EB /* CAStreamBasicDescription.h in Headers */ = {isa = PBXBuildFile; fileRef = E946CD9D13F034AD007022EB /* CAStreamBasicDescription.h */; };
		E946CDA513F034AD007022EB /* CAXException.cpp in Sources */ = {isa = PBXBuildFile; fileRef = E946CD9E13F034AD007022EB /* CAXException.cpp */; };
		E946CDA613F034AD007022EB /* CAXException.h in Headers */ = {isa = PBXBuildFile; fileRef = E946CD9F13F034AD007022EB /* CAXException.h */; };
		E946CDC513F03578007022EB /* aurio_helper.cpp in Sources */ = {isa = PBXBuildFile; fileRef = E946CDC313F03578007022EB /* aurio_helper.cpp */; };
		E946CDC613F03578007022EB /* aurio_helper.h in Headers */ = {isa = PBXBuildFile; fileRef = E946CDC413F03578007022EB /* aurio_helper.h */; };
/* End PBXBuildFile section */

/* Begin PBXFileReference section */
		AA747D9E0F9514B9006C5449 /* HiJack_Prefix.pch */ = {isa = PBXFileReference; fileEncoding = 4; lastKnownFileType = sourcecode.c.h; path = HiJack_Prefix.pch; sourceTree = SOURCE_ROOT; };
		AACBBE490F95108600F1A2B1 /* Foundation.framework */ = {isa = PBXFileReference; lastKnownFileType = wrapper.framework; name = Foundation.framework; path = System/Library/Frameworks/Foundation.framework; sourceTree = SDKROOT; };
		E946CCD913EB60D3007022EB /* HiJackMgr.h */ = {isa = PBXFileReference; fileEncoding = 4; lastKnownFileType = sourcecode.c.h; path = HiJackMgr.h; sourceTree = "<group>"; };
		E946CCDA13EB60D3007022EB /* HiJackMgr.mm */ = {isa = PBXFileReference; fileEncoding = 4; lastKnownFileType = sourcecode.cpp.objcpp; path = HiJackMgr.mm; sourceTree = "<group>"; };
		E946CD9913F034AD007022EB /* CADebugMacros.cpp */ = {isa = PBXFileReference; fileEncoding = 4; lastKnownFileType = sourcecode.cpp.cpp; path = CADebugMacros.cpp; sourceTree = "<group>"; };
		E946CD9A13F034AD007022EB /* CADebugMacros.h */ = {isa = PBXFileReference; fileEncoding = 4; lastKnownFileType = sourcecode.c.h; path = CADebugMacros.h; sourceTree = "<group>"; };
		E946CD9B13F034AD007022EB /* CAMath.h */ = {isa = PBXFileReference; fileEncoding = 4; lastKnownFileType = sourcecode.c.h; path = CAMath.h; sourceTree = "<group>"; };
		E946CD9C13F034AD007022EB /* CAStreamBasicDescription.cpp */ = {isa = PBXFileReference; fileEncoding = 4; lastKnownFileType = sourcecode.cpp.cpp; path = CAStreamBasicDescription.cpp; sourceTree = "<group>"; };
		E946CD9D13F034AD007022EB /* CAStreamBasicDescription.h */ = {isa = PBXFileReference; fileEncoding = 4; lastKnownFileType = sourcecode.c.h; path = CAStreamBasicDescription.h; sourceTree = "<group>"; };
		E946CD9E13F034AD007022EB /* CAXException.cpp */ = {isa = PBXFileReference; fileEncoding = 4; lastKnownFileType = sourcecode.cpp.cpp; path = CAXException.cpp; sourceTree = "<group>"; };
		E946CD9F13F034AD007022EB /* CAXException.h */ = {isa = PBXFileReference; fileEncoding = 4; lastKnownFileType = sourcecode.c.h; path = CAXException.h; sourceTree = "<group>"; };
		E946CDC313F03578007022EB /* aurio_helper.cpp */ = {isa = PBXFileReference; fileEncoding = 4; lastKnownFileType = sourcecode.cpp.cpp; path = aurio_helper.cpp; sourceTree = "<group>"; };
		E946CDC413F03578007022EB /* aurio_helper.h */ = {isa = PBXFileReference; fileEncoding = 4; lastKnownFileType = sourcecode.c.h; path = aurio_helper.h; sourceTree = "<group>"; };
		E946CF6D13F05F6A007022EB /* libHiJack.a */ = {isa = PBXFileReference; explicitFileType = archive.ar; includeInIndex = 0; path = libHiJack.a; sourceTree = BUILT_PRODUCTS_DIR; };
/* End PBXFileReference section */

/* Begin PBXFrameworksBuildPhase section */
		D2AAC07C0554694100DB518D /* Frameworks */ = {
			isa = PBXFrameworksBuildPhase;
			buildActionMask = 2147483647;
			files = (
				AACBBE4A0F95108600F1A2B1 /* Foundation.framework in Frameworks */,
			);
			runOnlyForDeploymentPostprocessing = 0;
		};
/* End PBXFrameworksBuildPhase section */

/* Begin PBXGroup section */
		034768DFFF38A50411DB9C8B /* Products */ = {
			isa = PBXGroup;
			children = (
				E946CF6D13F05F6A007022EB /* libHiJack.a */,
			);
			name = Products;
			sourceTree = "<group>";
		};
		0867D691FE84028FC02AAC07 /* HiJack */ = {
			isa = PBXGroup;
			children = (
				E946CDC313F03578007022EB /* aurio_helper.cpp */,
				E946CDC413F03578007022EB /* aurio_helper.h */,
				08FB77AEFE84172EC02AAC07 /* Classes */,
				32C88DFF0371C24200C91783 /* Other Sources */,
				0867D69AFE84028FC02AAC07 /* Frameworks */,
				034768DFFF38A50411DB9C8B /* Products */,
			);
			name = HiJack;
			sourceTree = "<group>";
		};
		0867D69AFE84028FC02AAC07 /* Frameworks */ = {
			isa = PBXGroup;
			children = (
				AACBBE490F95108600F1A2B1 /* Foundation.framework */,
			);
			name = Frameworks;
			sourceTree = "<group>";
		};
		08FB77AEFE84172EC02AAC07 /* Classes */ = {
			isa = PBXGroup;
			children = (
				E946CD9913F034AD007022EB /* CADebugMacros.cpp */,
				E946CD9A13F034AD007022EB /* CADebugMacros.h */,
				E946CD9B13F034AD007022EB /* CAMath.h */,
				E946CD9C13F034AD007022EB /* CAStreamBasicDescription.cpp */,
				E946CD9D13F034AD007022EB /* CAStreamBasicDescription.h */,
				E946CD9E13F034AD007022EB /* CAXException.cpp */,
				E946CD9F13F034AD007022EB /* CAXException.h */,
				E946CCD913EB60D3007022EB /* HiJackMgr.h */,
				E946CCDA13EB60D3007022EB /* HiJackMgr.mm */,
			);
			name = Classes;
			sourceTree = "<group>";
		};
		32C88DFF0371C24200C91783 /* Other Sources */ = {
			isa = PBXGroup;
			children = (
				AA747D9E0F9514B9006C5449 /* HiJack_Prefix.pch */,
			);
			name = "Other Sources";
			sourceTree = "<group>";
		};
/* End PBXGroup section */

/* Begin PBXHeadersBuildPhase section */
		D2AAC07A0554694100DB518D /* Headers */ = {
			isa = PBXHeadersBuildPhase;
			buildActionMask = 2147483647;
			files = (
				AA747D9F0F9514B9006C5449 /* HiJack_Prefix.pch in Headers */,
				E946CCDB13EB60D3007022EB /* HiJackMgr.h in Headers */,
				E946CDA113F034AD007022EB /* CADebugMacros.h in Headers */,
				E946CDA213F034AD007022EB /* CAMath.h in Headers */,
				E946CDA413F034AD007022EB /* CAStreamBasicDescription.h in Headers */,
				E946CDA613F034AD007022EB /* CAXException.h in Headers */,
				E946CDC613F03578007022EB /* aurio_helper.h in Headers */,
			);
			runOnlyForDeploymentPostprocessing = 0;
		};
/* End PBXHeadersBuildPhase section */

/* Begin PBXNativeTarget section */
		D2AAC07D0554694100DB518D /* HiJack */ = {
			isa = PBXNativeTarget;
			buildConfigurationList = 1DEB921E08733DC00010E9CD /* Build configuration list for PBXNativeTarget "HiJack" */;
			buildPhases = (
				D2AAC07A0554694100DB518D /* Headers */,
				D2AAC07B0554694100DB518D /* Sources */,
				D2AAC07C0554694100DB518D /* Frameworks */,
			);
			buildRules = (
			);
			dependencies = (
			);
			name = HiJack;
			productName = HiJack;
			productReference = E946CF6D13F05F6A007022EB /* libHiJack.a */;
			productType = "com.apple.product-type.library.static";
		};
/* End PBXNativeTarget section */

/* Begin PBXProject section */
		0867D690FE84028FC02AAC07 /* Project object */ = {
			isa = PBXProject;
			buildConfigurationList = 1DEB922208733DC00010E9CD /* Build configuration list for PBXProject "HiJack" */;
			compatibilityVersion = "Xcode 3.1";
			developmentRegion = English;
			hasScannedForEncodings = 1;
			knownRegions = (
				English,
				Japanese,
				French,
				German,
			);
			mainGroup = 0867D691FE84028FC02AAC07 /* HiJack */;
			productRefGroup = 034768DFFF38A50411DB9C8B /* Products */;
			projectDirPath = "";
			projectRoot = "";
			targets = (
				D2AAC07D0554694100DB518D /* HiJack */,
			);
		};
/* End PBXProject section */

/* Begin PBXSourcesBuildPhase section */
		D2AAC07B0554694100DB518D /* Sources */ = {
			isa = PBXSourcesBuildPhase;
			buildActionMask = 2147483647;
			files = (
				E946CCDC13EB60D3007022EB /* HiJackMgr.mm in Sources */,
				E946CDA013F034AD007022EB /* CADebugMacros.cpp in Sources */,
				E946CDA313F034AD007022EB /* CAStreamBasicDescription.cpp in Sources */,
				E946CDA513F034AD007022EB /* CAXException.cpp in Sources */,
				E946CDC513F03578007022EB /* aurio_helper.cpp in Sources */,
			);
			runOnlyForDeploymentPostprocessing = 0;
		};
/* End PBXSourcesBuildPhase section */

/* Begin XCBuildConfiguration section */
		1DEB921F08733DC00010E9CD /* Debug */ = {
			isa = XCBuildConfiguration;
			buildSettings = {
				ALWAYS_SEARCH_USER_PATHS = NO;
				ARCHS = "$(ARCHS_STANDARD_32_BIT)";
				COPY_PHASE_STRIP = NO;
				DSTROOT = /tmp/HiJack.dst;
				GCC_DYNAMIC_NO_PIC = NO;
				GCC_ENABLE_FIX_AND_CONTINUE = YES;
				GCC_MODEL_TUNING = G5;
				GCC_OPTIMIZATION_LEVEL = 0;
				GCC_PRECOMPILE_PREFIX_HEADER = YES;
				GCC_PREFIX_HEADER = HiJack_Prefix.pch;
				INSTALL_PATH = /usr/local/lib;
				PRODUCT_NAME = HiJack;
			};
			name = Debug;
		};
		1DEB922008733DC00010E9CD /* Release */ = {
			isa = XCBuildConfiguration;
			buildSettings = {
				ALWAYS_SEARCH_USER_PATHS = NO;
				ARCHS = "$(ARCHS_STANDARD_32_BIT)";
				DSTROOT = /tmp/HiJack.dst;
				GCC_MODEL_TUNING = G5;
				GCC_PRECOMPILE_PREFIX_HEADER = YES;
				GCC_PREFIX_HEADER = HiJack_Prefix.pch;
				INSTALL_PATH = /usr/local/lib;
				PRODUCT_NAME = HiJack;
			};
			name = Release;
		};
		1DEB922308733DC00010E9CD /* Debug */ = {
			isa = XCBuildConfiguration;
			buildSettings = {
				ARCHS = "$(ARCHS_STANDARD_32_BIT)";
				CODE_SIGN_IDENTITY = "iPhone Developer";
				GCC_C_LANGUAGE_STANDARD = c99;
				GCC_OPTIMIZATION_LEVEL = 0;
				GCC_THUMB_SUPPORT = NO;
				GCC_WARN_ABOUT_RETURN_TYPE = YES;
				GCC_WARN_UNUSED_VARIABLE = YES;
				IPHONEOS_DEPLOYMENT_TARGET = 3.0;
				OTHER_LDFLAGS = "-ObjC";
				PREBINDING = NO;
				PROVISIONING_PROFILE = "";
				SDKROOT = iphoneos;
			};
			name = Debug;
		};
		1DEB922408733DC00010E9CD /* Release */ = {
			isa = XCBuildConfiguration;
			buildSettings = {
				ARCHS = "$(ARCHS_STANDARD_32_BIT)";
				GCC_C_LANGUAGE_STANDARD = c99;
				GCC_THUMB_SUPPORT = NO;
				GCC_WARN_ABOUT_RETURN_TYPE = YES;
				GCC_WARN_UNUSED_VARIABLE = YES;
				IPHONEOS_DEPLOYMENT_TARGET = 3.0;
				OTHER_LDFLAGS = "-ObjC";
				PREBINDING = NO;
				SDKROOT = iphoneos;
			};
			name = Release;
		};
/* End XCBuildConfiguration section */

/* Begin XCConfigurationList section */
		1DEB921E08733DC00010E9CD /* Build configuration list for PBXNativeTarget "HiJack" */ = {
			isa = XCConfigurationList;
			buildConfigurations = (
				1DEB921F08733DC00010E9CD /* Debug */,
				1DEB922008733DC00010E9CD /* Release */,
			);
			defaultConfigurationIsVisible = 0;
			defaultConfigurationName = Release;
		};
		1DEB922208733DC00010E9CD /* Build configuration list for PBXProject "HiJack" */ = {
			isa = XCConfigurationList;
			buildConfigurations = (
				1DEB922308733DC00010E9CD /* Debug */,
				1DEB922408733DC00010E9CD /* Release */,
			);
			defaultConfigurationIsVisible = 0;
			defaultConfigurationName = Release;
		};
/* End XCConfigurationList section */
	};
	rootObject = 0867D690FE84028FC02AAC07 /* Project object */;
}
